# THIS IS AN AUTOGENERATED FILE. DO NOT EDIT THIS FILE DIRECTLY.
# yarn lockfile v1


"axios@^0.19.2":
  "integrity" "sha512-fjgm5MvRHLhx+osE2xoekY70AhARk3a6hkN+3Io1jc00jtquGvxYlKlsFUhmUET0V5te6CcZI7lcv2Ym61mjHA=="
  "resolved" "https://registry.npmjs.org/axios/-/axios-0.19.2.tgz"
  "version" "0.19.2"
  dependencies:
    "follow-redirects" "1.5.10"

"body@^5.1.0":
  "integrity" "sha1-5LoM5BCkaTYyM2dgnstOZVMSUGk= sha512-chUsBxGRtuElD6fmw1gHLpvnKdVLK302peeFa9ZqAEk8TyzZ3fygLyUEDDPTJvL9+Bor0dIwn6ePOsRM2y0zQQ=="
  "resolved" "https://registry.npmjs.org/body/-/body-5.1.0.tgz"
  "version" "5.1.0"
  dependencies:
    "continuable-cache" "^0.3.1"
    "error" "^7.0.0"
    "raw-body" "~1.1.0"
    "safe-json-parse" "~1.0.1"

"bytes@1":
  "integrity" "sha1-NWnt6Lo0MV+rmcPpLLBMciDeH6g= sha512-/x68VkHLeTl3/Ll8IvxdwzhrT+IyKc52e/oyHhA2RwqPqswSnjVbSddfPRwAsJtbilMAPSRWwAlpxdYsSWOTKQ=="
  "resolved" "https://registry.npmjs.org/bytes/-/bytes-1.0.0.tgz"
  "version" "1.0.0"

"continuable-cache@^0.3.1":
  "integrity" "sha1-vXJ6f67XfnH/OYWskzUakSczrQ8= sha512-TF30kpKhTH8AGCG3dut0rdd/19B7Z+qCnrMoBLpyQu/2drZdNrrpcjPEoJeSVsQM+8KmWG5O56oPDjSSUsuTyA=="
  "resolved" "https://registry.npmjs.org/continuable-cache/-/continuable-cache-0.3.1.tgz"
  "version" "0.3.1"

"debug@=3.1.0":
  "integrity" "sha512-OX8XqP7/1a9cqkxYw2yXss15f26NKWBpDXQd0/uK/KPqdQhxbPa994hnzjcE2VqQpDslf55723cKPUOGSmMY3g=="
  "resolved" "https://registry.npmjs.org/debug/-/debug-3.1.0.tgz"
  "version" "3.1.0"
  dependencies:
    "ms" "2.0.0"

"error@^7.0.0":
  "integrity" "sha512-fo9HBvWnx3NGUKMvMwB/CBCMMrfEJgbDTVDEkPygA3Bdd3lM1OyCd+rbQ8BwnpF6GdVeOLDNmyL4N5Bg80ZvdA=="
  "resolved" "https://registry.npmjs.org/error/-/error-7.2.1.tgz"
  "version" "7.2.1"
  dependencies:
    "string-template" "~0.2.1"

"follow-redirects@1.5.10":
  "integrity" "sha512-0V5l4Cizzvqt5D44aTXbFZz+FtyXV1vrDN6qrelxtfYQKW0KO0W2T/hkE8xvGa/540LkZlkaUjO4ailYTFtHVQ=="
  "resolved" "https://registry.npmjs.org/follow-redirects/-/follow-redirects-1.5.10.tgz"
  "version" "1.5.10"
  dependencies:
    "debug" "=3.1.0"

"formidable@^1.2.0":
  "integrity" "sha512-hr9aT30rAi7kf8Q2aaTpSP7xGMhlJ+MdrUDVZs3rxbD3L/K46A86s2VY7qC2D2kGYGBtiT/3j6wTx1eeUq5xAQ=="
  "resolved" "https://registry.npmjs.org/formidable/-/formidable-1.2.0.tgz"
  "version" "1.2.0"

"ms@2.0.0":
  "integrity" "sha1-VgiurfwAvmwpAd9fmGF4jeDVl8g= sha512-Tpp60P6IUJDTuOq/5Z8cdskzJujfwqfOTkrwIwj7IRISpnkJnT6SyJ4PCPnGMoFjC9ddhal5KVIYtAt97ix05A=="
  "resolved" "https://registry.npmjs.org/ms/-/ms-2.0.0.tgz"
  "version" "2.0.0"

"raw-body@~1.1.0":
  "integrity" "sha1-HQJ8K/oRasxmI7yo8AAWVyqH1CU= sha512-WmJJU2e9Y6M5UzTOkHaM7xJGAPQD8PNzx3bAd2+uhZAim6wDk6dAZxPVYLF67XhbR4hmKGh33Lpmh4XWrCH5Mg=="
  "resolved" "https://registry.npmjs.org/raw-body/-/raw-body-1.1.7.tgz"
  "version" "1.1.7"
  dependencies:
    "bytes" "1"
    "string_decoder" "0.10"

"safe-json-parse@~1.0.1":
  "integrity" "sha1-PnZyPjjf3aE8mx0poeB//uSzC1c= sha512-o0JmTu17WGUaUOHa1l0FPGXKBfijbxK6qoHzlkihsDXxzBHvJcA7zgviKR92Xs841rX9pK16unfphLq0/KqX7A=="
  "resolved" "https://registry.npmjs.org/safe-json-parse/-/safe-json-parse-1.0.1.tgz"
  "version" "1.0.1"

"string_decoder@0.10":
  "integrity" "sha1-YuIDvEF2bGwoyfyEMB2rHFMQ+pQ= sha512-ev2QzSzWPYmy9GuqfIVildA4OdcGLeFZQrq5ys6RtiuF+RQQiZWr8TZNyAcuVXyQRYfEO+MsoB/1BuQVhOJuoQ=="
  "resolved" "https://registry.npmjs.org/string_decoder/-/string_decoder-0.10.31.tgz"
  "version" "0.10.31"

"string-template@~0.2.1":
  "integrity" "sha1-QpMuWYo1LQH8IuwzZ9nYTuxsmt0= sha512-Yptehjogou2xm4UJbxJ4CxgZx12HBfeystp0y3x7s4Dj32ltVVG1Gg8YhKjHZkHicuKpZX/ffilA8505VbUbpw=="
  "resolved" "https://registry.npmjs.org/string-template/-/string-template-0.2.1.tgz"
  "version" "0.2.1"
